
Microsoft Visual Studio Solution File, Format Version 12.00
# Visual Studio Version 17
VisualStudioVersion = 17.9.34902.65
MinimumVisualStudioVersion = 10.0.40219.1
Project("{2150E333-8FDC-42A3-9474-1A3956D46DE8}") = "src", "src", "{7DCA1A76-8FBA-451C-AC2D-6E2AE0EACB18}"
EndProject
Project("{2150E333-8FDC-42A3-9474-1A3956D46DE8}") = "Core", "Core", "{D238B248-B48F-4CB1-BE29-B068D53C47CE}"
EndProject
Project("{9A19103F-16F7-4668-BE54-9A1E7A4F7556}") = "Domain", "src\Core\Domain\Domain.csproj", "{243837D3-6467-48B3-923E-5E7E356BB27C}"
EndProject
Project("{9A19103F-16F7-4668-BE54-9A1E7A4F7556}") = "Application", "src\Core\Application\Application.csproj", "{D762B2E4-D128-4022-993D-95DC8699A2E3}"
EndProject
Project("{2150E333-8FDC-42A3-9474-1A3956D46DE8}") = "External", "External", "{77F59DFD-5E05-4DD7-891A-9788BE88006A}"
EndProject
Project("{9A19103F-16F7-4668-BE54-9A1E7A4F7556}") = "Infrastructure", "src\External\Infrastructure\Infrastructure.csproj", "{67F4E1CC-5A72-4855-9728-6241D9B7C20F}"
EndProject
Project("{9A19103F-16F7-4668-BE54-9A1E7A4F7556}") = "Presentation", "src\External\Presentation\Presentation.csproj", "{FFC128E4-7ABB-4F71-B2AC-765F232D8E70}"
EndProject
Project("{2150E333-8FDC-42A3-9474-1A3956D46DE8}") = "Web", "Web", "{9C4E5F0B-E1C1-4AA4-88D2-2BF52180FB8B}"
EndProject
Project("{9A19103F-16F7-4668-BE54-9A1E7A4F7556}") = "WebAPI", "src\Web\WebAPI\WebAPI.csproj", "{7606B02C-5547-4F4B-AAE9-266B4CAB5D9C}"
EndProject
Global
	GlobalSection(SolutionConfigurationPlatforms) = preSolution
		Debug|Any CPU = Debug|Any CPU
		Release|Any CPU = Release|Any CPU
	EndGlobalSection
	GlobalSection(ProjectConfigurationPlatforms) = postSolution
		{243837D3-6467-48B3-923E-5E7E356BB27C}.Debug|Any CPU.ActiveCfg = Debug|Any CPU
		{243837D3-6467-48B3-923E-5E7E356BB27C}.Debug|Any CPU.Build.0 = Debug|Any CPU
		{243837D3-6467-48B3-923E-5E7E356BB27C}.Release|Any CPU.ActiveCfg = Release|Any CPU
		{243837D3-6467-48B3-923E-5E7E356BB27C}.Release|Any CPU.Build.0 = Release|Any CPU
		{D762B2E4-D128-4022-993D-95DC8699A2E3}.Debug|Any CPU.ActiveCfg = Debug|Any CPU
		{D762B2E4-D128-4022-993D-95DC8699A2E3}.Debug|Any CPU.Build.0 = Debug|Any CPU
		{D762B2E4-D128-4022-993D-95DC8699A2E3}.Release|Any CPU.ActiveCfg = Release|Any CPU
		{D762B2E4-D128-4022-993D-95DC8699A2E3}.Release|Any CPU.Build.0 = Release|Any CPU
		{67F4E1CC-5A72-4855-9728-6241D9B7C20F}.Debug|Any CPU.ActiveCfg = Debug|Any CPU
		{67F4E1CC-5A72-4855-9728-6241D9B7C20F}.Debug|Any CPU.Build.0 = Debug|Any CPU
		{67F4E1CC-5A72-4855-9728-6241D9B7C20F}.Release|Any CPU.ActiveCfg = Release|Any CPU
		{67F4E1CC-5A72-4855-9728-6241D9B7C20F}.Release|Any CPU.Build.0 = Release|Any CPU
		{FFC128E4-7ABB-4F71-B2AC-765F232D8E70}.Debug|Any CPU.ActiveCfg = Debug|Any CPU
		{FFC128E4-7ABB-4F71-B2AC-765F232D8E70}.Debug|Any CPU.Build.0 = Debug|Any CPU
		{FFC128E4-7ABB-4F71-B2AC-765F232D8E70}.Release|Any CPU.ActiveCfg = Release|Any CPU
		{FFC128E4-7ABB-4F71-B2AC-765F232D8E70}.Release|Any CPU.Build.0 = Release|Any CPU
		{7606B02C-5547-4F4B-AAE9-266B4CAB5D9C}.Debug|Any CPU.ActiveCfg = Debug|Any CPU
		{7606B02C-5547-4F4B-AAE9-266B4CAB5D9C}.Debug|Any CPU.Build.0 = Debug|Any CPU
		{7606B02C-5547-4F4B-AAE9-266B4CAB5D9C}.Release|Any CPU.ActiveCfg = Release|Any CPU
		{7606B02C-5547-4F4B-AAE9-266B4CAB5D9C}.Release|Any CPU.Build.0 = Release|Any CPU
	EndGlobalSection
	GlobalSection(SolutionProperties) = preSolution
		HideSolutionNode = FALSE
	EndGlobalSection
	GlobalSection(NestedProjects) = preSolution
		{D238B248-B48F-4CB1-BE29-B068D53C47CE} = {7DCA1A76-8FBA-451C-AC2D-6E2AE0EACB18}
		{243837D3-6467-48B3-923E-5E7E356BB27C} = {D238B248-B48F-4CB1-BE29-B068D53C47CE}
		{D762B2E4-D128-4022-993D-95DC8699A2E3} = {D238B248-B48F-4CB1-BE29-B068D53C47CE}
		{77F59DFD-5E05-4DD7-891A-9788BE88006A} = {7DCA1A76-8FBA-451C-AC2D-6E2AE0EACB18}
		{67F4E1CC-5A72-4855-9728-6241D9B7C20F} = {77F59DFD-5E05-4DD7-891A-9788BE88006A}
		{FFC128E4-7ABB-4F71-B2AC-765F232D8E70} = {77F59DFD-5E05-4DD7-891A-9788BE88006A}
		{9C4E5F0B-E1C1-4AA4-88D2-2BF52180FB8B} = {7DCA1A76-8FBA-451C-AC2D-6E2AE0EACB18}
		{7606B02C-5547-4F4B-AAE9-266B4CAB5D9C} = {9C4E5F0B-E1C1-4AA4-88D2-2BF52180FB8B}
	EndGlobalSection
	GlobalSection(ExtensibilityGlobals) = postSolution
		SolutionGuid = {56BB5619-109A-4590-AEA6-AD642537846C}
	EndGlobalSection
EndGlobal
